// !$*UTF8*$!
{
	archiveVersion = 1;
	classes = {
	};
	objectVersion = 56;
	objects = {

/* Begin PBXBuildFile section */
		2122AF4D295B2E8E00BF7B0D /* LocationManager.swift in Sources */ = {isa = PBXBuildFile; fileRef = 2122AF4C295B2E8E00BF7B0D /* LocationManager.swift */; };
		2122AF52295B349400BF7B0D /* Alert++.swift in Sources */ = {isa = PBXBuildFile; fileRef = 2122AF51295B349400BF7B0D /* Alert++.swift */; };
		21763939295DB97D0081518F /* ApplicationMonitor.swift in Sources */ = {isa = PBXBuildFile; fileRef = 21763938295DB97D0081518F /* ApplicationMonitor.swift */; };
		2176393C295DBB900081518F /* AppDelegate.swift in Sources */ = {isa = PBXBuildFile; fileRef = 2176393B295DBB900081518F /* AppDelegate.swift */; };
		2176393E295DD4580081518F /* WallpaperController.swift in Sources */ = {isa = PBXBuildFile; fileRef = 2176393D295DD4580081518F /* WallpaperController.swift */; };
		21D1A1A3295C55A600AC45BB /* Dynamic in Frameworks */ = {isa = PBXBuildFile; productRef = 21D1A1A2295C55A600AC45BB /* Dynamic */; };
		21E6D48C295BA395009FF3C8 /* WallpaperSetter.swift in Sources */ = {isa = PBXBuildFile; fileRef = 21E6D48B295BA395009FF3C8 /* WallpaperSetter.swift */; };
		42FBACE129364BAB00B5B58A /* EvyrestApp.swift in Sources */ = {isa = PBXBuildFile; fileRef = 42FBACE029364BAB00B5B58A /* EvyrestApp.swift */; };
		42FBACE329364BAB00B5B58A /* ContentView.swift in Sources */ = {isa = PBXBuildFile; fileRef = 42FBACE229364BAB00B5B58A /* ContentView.swift */; };
		42FBACE529364BAF00B5B58A /* Assets.xcassets in Resources */ = {isa = PBXBuildFile; fileRef = 42FBACE429364BAF00B5B58A /* Assets.xcassets */; };
		AA5A56762937D96F0037B6AA /* KeychainWrapper.swift in Sources */ = {isa = PBXBuildFile; fileRef = AA5A56742937D96F0037B6AA /* KeychainWrapper.swift */; };
		AA5A56772937D96F0037B6AA /* KeychainItemAccessibility.swift in Sources */ = {isa = PBXBuildFile; fileRef = AA5A56752937D96F0037B6AA /* KeychainItemAccessibility.swift */; };
		AA5A56792937DA9E0037B6AA /* SwiftUIPropertyWrapper.swift in Sources */ = {isa = PBXBuildFile; fileRef = AA5A56782937DA9E0037B6AA /* SwiftUIPropertyWrapper.swift */; };
		AA5A567C2937E2030037B6AA /* StorageManager.swift in Sources */ = {isa = PBXBuildFile; fileRef = AA5A567B2937E2030037B6AA /* StorageManager.swift */; };
		AA5A567F2937E7750037B6AA /* Color++.swift in Sources */ = {isa = PBXBuildFile; fileRef = AA5A567E2937E7750037B6AA /* Color++.swift */; };
		CE1A4F4A2942970B006C1B19 /* CoreFoundation.framework in Frameworks */ = {isa = PBXBuildFile; fileRef = CE1A4F492942970B006C1B19 /* CoreFoundation.framework */; };
		CE1A4F4C29429717006C1B19 /* IOKit.framework in Frameworks */ = {isa = PBXBuildFile; fileRef = CE1A4F4B29429717006C1B19 /* IOKit.framework */; };
		CE1A4F502942B73E006C1B19 /* entitlements.plist in Resources */ = {isa = PBXBuildFile; fileRef = CE1A4F4F2942B73E006C1B19 /* entitlements.plist */; };
		CE2066FA2937B92B008FC95B /* LoginView.swift in Sources */ = {isa = PBXBuildFile; fileRef = CE2066F92937B92B008FC95B /* LoginView.swift */; };
		CE62634F294A409A00F7B237 /* String.swift in Sources */ = {isa = PBXBuildFile; fileRef = CE62634E294A409A00F7B237 /* String.swift */; };
		CE626351294A45E600F7B237 /* Alert++.swift in Sources */ = {isa = PBXBuildFile; fileRef = CE626350294A45E600F7B237 /* Alert++.swift */; };
		CE626353294A46E700F7B237 /* MaterialView.swift in Sources */ = {isa = PBXBuildFile; fileRef = CE626352294A46E700F7B237 /* MaterialView.swift */; };
		CEA54ACD2937EC44000920C6 /* SourcedRepoFetcher.swift in Sources */ = {isa = PBXBuildFile; fileRef = CEA54ACB2937EC44000920C6 /* SourcedRepoFetcher.swift */; };
		CEA54ACE2937EC44000920C6 /* ImageSourcing.swift in Sources */ = {isa = PBXBuildFile; fileRef = CEA54ACC2937EC44000920C6 /* ImageSourcing.swift */; };
		CEBA3F1A293A891D00CE4BB3 /* ParallaxEffect.swift in Sources */ = {isa = PBXBuildFile; fileRef = CEBA3F19293A891C00CE4BB3 /* ParallaxEffect.swift */; };
		CEF9199129401BF3007EF5F9 /* TSUtil.m in Sources */ = {isa = PBXBuildFile; fileRef = CEF9198A29401BF3007EF5F9 /* TSUtil.m */; };
		CEF9199529401C45007EF5F9 /* CoreServices.framework in Frameworks */ = {isa = PBXBuildFile; fileRef = CEF9199429401C45007EF5F9 /* CoreServices.framework */; };
		CEF919A629401D91007EF5F9 /* RemoteLog.swift in Sources */ = {isa = PBXBuildFile; fileRef = CEF919A529401D91007EF5F9 /* RemoteLog.swift */; };
/* End PBXBuildFile section */

/* Begin PBXCopyFilesBuildPhase section */
		CEF9198329401888007EF5F9 /* Embed Foundation Extensions */ = {
			isa = PBXCopyFilesBuildPhase;
			buildActionMask = 2147483647;
			dstPath = "";
			dstSubfolderSpec = 13;
			files = (
			);
			name = "Embed Foundation Extensions";
			runOnlyForDeploymentPostprocessing = 0;
		};
/* End PBXCopyFilesBuildPhase section */

/* Begin PBXFileReference section */
		2122AF4C295B2E8E00BF7B0D /* LocationManager.swift */ = {isa = PBXFileReference; fileEncoding = 4; lastKnownFileType = sourcecode.swift; path = LocationManager.swift; sourceTree = "<group>"; };
		2122AF51295B349400BF7B0D /* Alert++.swift */ = {isa = PBXFileReference; fileEncoding = 4; lastKnownFileType = sourcecode.swift; path = "Alert++.swift"; sourceTree = "<group>"; };
		21763938295DB97D0081518F /* ApplicationMonitor.swift */ = {isa = PBXFileReference; lastKnownFileType = sourcecode.swift; path = ApplicationMonitor.swift; sourceTree = "<group>"; };
		2176393B295DBB900081518F /* AppDelegate.swift */ = {isa = PBXFileReference; lastKnownFileType = sourcecode.swift; path = AppDelegate.swift; sourceTree = "<group>"; };
		2176393D295DD4580081518F /* WallpaperController.swift */ = {isa = PBXFileReference; lastKnownFileType = sourcecode.swift; path = WallpaperController.swift; sourceTree = "<group>"; };
		21E6D48B295BA395009FF3C8 /* WallpaperSetter.swift */ = {isa = PBXFileReference; lastKnownFileType = sourcecode.swift; path = WallpaperSetter.swift; sourceTree = "<group>"; };
		42FBACDD29364BAB00B5B58A /* Evyrest.app */ = {isa = PBXFileReference; explicitFileType = wrapper.application; includeInIndex = 0; path = Evyrest.app; sourceTree = BUILT_PRODUCTS_DIR; };
		42FBACE029364BAB00B5B58A /* EvyrestApp.swift */ = {isa = PBXFileReference; lastKnownFileType = sourcecode.swift; path = EvyrestApp.swift; sourceTree = "<group>"; };
		42FBACE229364BAB00B5B58A /* ContentView.swift */ = {isa = PBXFileReference; lastKnownFileType = sourcecode.swift; path = ContentView.swift; sourceTree = "<group>"; };
		42FBACE429364BAF00B5B58A /* Assets.xcassets */ = {isa = PBXFileReference; lastKnownFileType = folder.assetcatalog; path = Assets.xcassets; sourceTree = "<group>"; };
		AA5A56742937D96F0037B6AA /* KeychainWrapper.swift */ = {isa = PBXFileReference; fileEncoding = 4; lastKnownFileType = sourcecode.swift; path = KeychainWrapper.swift; sourceTree = "<group>"; };
		AA5A56752937D96F0037B6AA /* KeychainItemAccessibility.swift */ = {isa = PBXFileReference; fileEncoding = 4; lastKnownFileType = sourcecode.swift; path = KeychainItemAccessibility.swift; sourceTree = "<group>"; };
		AA5A56782937DA9E0037B6AA /* SwiftUIPropertyWrapper.swift */ = {isa = PBXFileReference; lastKnownFileType = sourcecode.swift; path = SwiftUIPropertyWrapper.swift; sourceTree = "<group>"; };
		AA5A567B2937E2030037B6AA /* StorageManager.swift */ = {isa = PBXFileReference; fileEncoding = 4; lastKnownFileType = sourcecode.swift; path = StorageManager.swift; sourceTree = "<group>"; };
		AA5A567E2937E7750037B6AA /* Color++.swift */ = {isa = PBXFileReference; lastKnownFileType = sourcecode.swift; path = "Color++.swift"; sourceTree = "<group>"; };
		CE1A4F47294293C2006C1B19 /* libxpc_datastores.tbd */ = {isa = PBXFileReference; lastKnownFileType = "sourcecode.text-based-dylib-definition"; name = libxpc_datastores.tbd; path = usr/lib/libxpc_datastores.tbd; sourceTree = SDKROOT; };
		CE1A4F492942970B006C1B19 /* CoreFoundation.framework */ = {isa = PBXFileReference; lastKnownFileType = wrapper.framework; name = CoreFoundation.framework; path = System/Library/Frameworks/CoreFoundation.framework; sourceTree = SDKROOT; };
		CE1A4F4B29429717006C1B19 /* IOKit.framework */ = {isa = PBXFileReference; lastKnownFileType = wrapper.framework; name = IOKit.framework; path = System/Library/Frameworks/IOKit.framework; sourceTree = SDKROOT; };
		CE1A4F4D2942972C006C1B19 /* libSystem.B.tbd */ = {isa = PBXFileReference; lastKnownFileType = "sourcecode.text-based-dylib-definition"; name = libSystem.B.tbd; path = usr/lib/libSystem.B.tbd; sourceTree = SDKROOT; };
		CE1A4F4F2942B73E006C1B19 /* entitlements.plist */ = {isa = PBXFileReference; lastKnownFileType = text.plist; path = entitlements.plist; sourceTree = SOURCE_ROOT; };
		CE2066F92937B92B008FC95B /* LoginView.swift */ = {isa = PBXFileReference; lastKnownFileType = sourcecode.swift; path = LoginView.swift; sourceTree = "<group>"; };
		CE4F34EA29428C84006F1B36 /* libSystem.tbd */ = {isa = PBXFileReference; lastKnownFileType = "sourcecode.text-based-dylib-definition"; name = libSystem.tbd; path = usr/lib/libSystem.tbd; sourceTree = SDKROOT; };
		CE62634E294A409A00F7B237 /* String.swift */ = {isa = PBXFileReference; lastKnownFileType = sourcecode.swift; path = String.swift; sourceTree = "<group>"; };
		CE626350294A45E600F7B237 /* Alert++.swift */ = {isa = PBXFileReference; lastKnownFileType = sourcecode.swift; path = "Alert++.swift"; sourceTree = "<group>"; };
		CE626352294A46E700F7B237 /* MaterialView.swift */ = {isa = PBXFileReference; fileEncoding = 4; lastKnownFileType = sourcecode.swift; path = MaterialView.swift; sourceTree = "<group>"; };
		CEA54ACB2937EC44000920C6 /* SourcedRepoFetcher.swift */ = {isa = PBXFileReference; fileEncoding = 4; lastKnownFileType = sourcecode.swift; path = SourcedRepoFetcher.swift; sourceTree = "<group>"; };
		CEA54ACC2937EC44000920C6 /* ImageSourcing.swift */ = {isa = PBXFileReference; fileEncoding = 4; lastKnownFileType = sourcecode.swift; path = ImageSourcing.swift; sourceTree = "<group>"; };
		CEBA3F19293A891C00CE4BB3 /* ParallaxEffect.swift */ = {isa = PBXFileReference; lastKnownFileType = sourcecode.swift; path = ParallaxEffect.swift; sourceTree = "<group>"; };
		CEF9197129401886007EF5F9 /* WidgetKit.framework */ = {isa = PBXFileReference; lastKnownFileType = wrapper.framework; name = WidgetKit.framework; path = System/Library/Frameworks/WidgetKit.framework; sourceTree = SDKROOT; };
		CEF9197329401886007EF5F9 /* SwiftUI.framework */ = {isa = PBXFileReference; lastKnownFileType = wrapper.framework; name = SwiftUI.framework; path = System/Library/Frameworks/SwiftUI.framework; sourceTree = SDKROOT; };
		CEF9198729401920007EF5F9 /* Info.plist */ = {isa = PBXFileReference; lastKnownFileType = text.plist; path = Info.plist; sourceTree = "<group>"; };
		CEF9198A29401BF3007EF5F9 /* TSUtil.m */ = {isa = PBXFileReference; fileEncoding = 4; lastKnownFileType = sourcecode.c.objc; path = TSUtil.m; sourceTree = "<group>"; };
		CEF9198E29401BF3007EF5F9 /* TSUtil.h */ = {isa = PBXFileReference; fileEncoding = 4; lastKnownFileType = sourcecode.c.h; path = TSUtil.h; sourceTree = "<group>"; };
		CEF9198F29401BF3007EF5F9 /* CoreServices.h */ = {isa = PBXFileReference; fileEncoding = 4; lastKnownFileType = sourcecode.c.h; path = CoreServices.h; sourceTree = "<group>"; };
		CEF9199329401C15007EF5F9 /* Evyrest-Bridging-Header.h */ = {isa = PBXFileReference; lastKnownFileType = sourcecode.c.h; path = "Evyrest-Bridging-Header.h"; sourceTree = "<group>"; };
		CEF9199429401C45007EF5F9 /* CoreServices.framework */ = {isa = PBXFileReference; lastKnownFileType = wrapper.framework; name = CoreServices.framework; path = System/Library/Frameworks/CoreServices.framework; sourceTree = SDKROOT; };
		CEF919A329401D7D007EF5F9 /* RemoteLog.h */ = {isa = PBXFileReference; lastKnownFileType = sourcecode.c.h; path = RemoteLog.h; sourceTree = "<group>"; };
		CEF919A529401D91007EF5F9 /* RemoteLog.swift */ = {isa = PBXFileReference; lastKnownFileType = sourcecode.swift; path = RemoteLog.swift; sourceTree = "<group>"; };
		CEF919A829401E10007EF5F9 /* CoreServices.framework */ = {isa = PBXFileReference; lastKnownFileType = wrapper.framework; name = CoreServices.framework; path = Platforms/MacOSX.platform/Developer/SDKs/MacOSX13.0.sdk/System/Library/Frameworks/CoreServices.framework; sourceTree = DEVELOPER_DIR; };
/* End PBXFileReference section */

/* Begin PBXFrameworksBuildPhase section */
		42FBACDA29364BAB00B5B58A /* Frameworks */ = {
			isa = PBXFrameworksBuildPhase;
			buildActionMask = 2147483647;
			files = (
				21D1A1A3295C55A600AC45BB /* Dynamic in Frameworks */,
				CE1A4F4C29429717006C1B19 /* IOKit.framework in Frameworks */,
				CE1A4F4A2942970B006C1B19 /* CoreFoundation.framework in Frameworks */,
				CEF9199529401C45007EF5F9 /* CoreServices.framework in Frameworks */,
			);
			runOnlyForDeploymentPostprocessing = 0;
		};
/* End PBXFrameworksBuildPhase section */

/* Begin PBXGroup section */
		21D702CA295F12AB007AD19D /* UtilityViews */ = {
			isa = PBXGroup;
			children = (
				CE626352294A46E700F7B237 /* MaterialView.swift */,
				CEBA3F19293A891C00CE4BB3 /* ParallaxEffect.swift */,
			);
			path = UtilityViews;
			sourceTree = "<group>";
		};
		21D702CB295F12DF007AD19D /* Controllers */ = {
			isa = PBXGroup;
			children = (
				2176393D295DD4580081518F /* WallpaperController.swift */,
				2122AF4C295B2E8E00BF7B0D /* LocationManager.swift */,
				21763938295DB97D0081518F /* ApplicationMonitor.swift */,
			);
			path = Controllers;
			sourceTree = "<group>";
		};
		21E6D48A295BA382009FF3C8 /* Private APIs */ = {
			isa = PBXGroup;
			children = (
				21E6D48B295BA395009FF3C8 /* WallpaperSetter.swift */,
			);
			path = "Private APIs";
			sourceTree = "<group>";
		};
		42FBACD429364BAB00B5B58A = {
			isa = PBXGroup;
			children = (
				CE1A4F4F2942B73E006C1B19 /* entitlements.plist */,
				42FBACDF29364BAB00B5B58A /* Evyrest */,
				CEF9197029401886007EF5F9 /* Frameworks */,
				42FBACDE29364BAB00B5B58A /* Products */,
			);
			sourceTree = "<group>";
		};
		42FBACDE29364BAB00B5B58A /* Products */ = {
			isa = PBXGroup;
			children = (
				42FBACDD29364BAB00B5B58A /* Evyrest.app */,
			);
			name = Products;
			sourceTree = "<group>";
		};
		42FBACDF29364BAB00B5B58A /* Evyrest */ = {
			isa = PBXGroup;
			children = (
				CEF9198729401920007EF5F9 /* Info.plist */,
				2176393B295DBB900081518F /* AppDelegate.swift */,
				42FBACE029364BAB00B5B58A /* EvyrestApp.swift */,
				CEA54ACA2937EC44000920C6 /* API */,
				21D702CB295F12DF007AD19D /* Controllers */,
				AA5A567D2937E7640037B6AA /* Extensions */,
				21E6D48A295BA382009FF3C8 /* Private APIs */,
				CE3C44B8294FA4B800E28A2D /* RemLog */,
				CEF9198829401BF3007EF5F9 /* TS */,
				AA5A56722937D94B0037B6AA /* Utilities */,
				AA5A56712937D7EF0037B6AA /* Views */,
				42FBACE429364BAF00B5B58A /* Assets.xcassets */,
				CEF9199329401C15007EF5F9 /* Evyrest-Bridging-Header.h */,
			);
			path = Evyrest;
			sourceTree = "<group>";
		};
		AA5A56712937D7EF0037B6AA /* Views */ = {
			isa = PBXGroup;
			children = (
				21D702CA295F12AB007AD19D /* UtilityViews */,
				42FBACE229364BAB00B5B58A /* ContentView.swift */,
				CE2066F92937B92B008FC95B /* LoginView.swift */,
			);
			path = Views;
			sourceTree = "<group>";
		};
		AA5A56722937D94B0037B6AA /* Utilities */ = {
			isa = PBXGroup;
			children = (
				AA5A567A2937E1EA0037B6AA /* Storage */,
				AA5A56732937D96F0037B6AA /* Keychain */,
			);
			path = Utilities;
			sourceTree = "<group>";
		};
		AA5A56732937D96F0037B6AA /* Keychain */ = {
			isa = PBXGroup;
			children = (
				AA5A56742937D96F0037B6AA /* KeychainWrapper.swift */,
				AA5A56752937D96F0037B6AA /* KeychainItemAccessibility.swift */,
				AA5A56782937DA9E0037B6AA /* SwiftUIPropertyWrapper.swift */,
			);
			path = Keychain;
			sourceTree = "<group>";
		};
		AA5A567A2937E1EA0037B6AA /* Storage */ = {
			isa = PBXGroup;
			children = (
				AA5A567B2937E2030037B6AA /* StorageManager.swift */,
			);
			path = Storage;
			sourceTree = "<group>";
		};
		AA5A567D2937E7640037B6AA /* Extensions */ = {
			isa = PBXGroup;
			children = (
				2122AF51295B349400BF7B0D /* Alert++.swift */,
				AA5A567E2937E7750037B6AA /* Color++.swift */,
				CE62634E294A409A00F7B237 /* String.swift */,
				CE626350294A45E600F7B237 /* Alert++.swift */,
			);
			path = Extensions;
			sourceTree = "<group>";
		};
		CE3C44B8294FA4B800E28A2D /* RemLog */ = {
			isa = PBXGroup;
			children = (
				CEF919A329401D7D007EF5F9 /* RemoteLog.h */,
				CEF919A529401D91007EF5F9 /* RemoteLog.swift */,
			);
			path = RemLog;
			sourceTree = "<group>";
		};
		CEA54ACA2937EC44000920C6 /* API */ = {
			isa = PBXGroup;
			children = (
				CEA54ACB2937EC44000920C6 /* SourcedRepoFetcher.swift */,
				CEA54ACC2937EC44000920C6 /* ImageSourcing.swift */,
			);
			path = API;
			sourceTree = "<group>";
		};
		CEF9197029401886007EF5F9 /* Frameworks */ = {
			isa = PBXGroup;
			children = (
				CE1A4F4D2942972C006C1B19 /* libSystem.B.tbd */,
				CE1A4F4B29429717006C1B19 /* IOKit.framework */,
				CE1A4F492942970B006C1B19 /* CoreFoundation.framework */,
				CE1A4F47294293C2006C1B19 /* libxpc_datastores.tbd */,
				CE4F34EA29428C84006F1B36 /* libSystem.tbd */,
				CEF9199429401C45007EF5F9 /* CoreServices.framework */,
				CEF919A829401E10007EF5F9 /* CoreServices.framework */,
				CEF9197129401886007EF5F9 /* WidgetKit.framework */,
				CEF9197329401886007EF5F9 /* SwiftUI.framework */,
			);
			name = Frameworks;
			sourceTree = "<group>";
		};
		CEF9198829401BF3007EF5F9 /* TS */ = {
			isa = PBXGroup;
			children = (
				CEF9198A29401BF3007EF5F9 /* TSUtil.m */,
				CEF9198E29401BF3007EF5F9 /* TSUtil.h */,
				CEF9198F29401BF3007EF5F9 /* CoreServices.h */,
			);
			path = TS;
			sourceTree = "<group>";
		};
/* End PBXGroup section */

/* Begin PBXNativeTarget section */
		42FBACDC29364BAB00B5B58A /* Evyrest */ = {
			isa = PBXNativeTarget;
			buildConfigurationList = 42FBACEB29364BAF00B5B58A /* Build configuration list for PBXNativeTarget "Evyrest" */;
			buildPhases = (
				42FBACD929364BAB00B5B58A /* Sources */,
				42FBACDA29364BAB00B5B58A /* Frameworks */,
				42FBACDB29364BAB00B5B58A /* Resources */,
				CEF9198329401888007EF5F9 /* Embed Foundation Extensions */,
			);
			buildRules = (
			);
			dependencies = (
			);
			name = Evyrest;
			packageProductDependencies = (
				21D1A1A2295C55A600AC45BB /* Dynamic */,
			);
			productName = Evyrest;
			productReference = 42FBACDD29364BAB00B5B58A /* Evyrest.app */;
			productType = "com.apple.product-type.application";
		};
/* End PBXNativeTarget section */

/* Begin PBXProject section */
		42FBACD529364BAB00B5B58A /* Project object */ = {
			isa = PBXProject;
			attributes = {
				BuildIndependentTargetsInParallel = 1;
				LastSwiftUpdateCheck = 1410;
				LastUpgradeCheck = 1410;
				TargetAttributes = {
					42FBACDC29364BAB00B5B58A = {
						CreatedOnToolsVersion = 14.1;
					};
				};
			};
			buildConfigurationList = 42FBACD829364BAB00B5B58A /* Build configuration list for PBXProject "Evyrest" */;
			compatibilityVersion = "Xcode 14.0";
			developmentRegion = en;
			hasScannedForEncodings = 0;
			knownRegions = (
				en,
				Base,
			);
			mainGroup = 42FBACD429364BAB00B5B58A;
			packageReferences = (
				21D1A1A1295C55A600AC45BB /* XCRemoteSwiftPackageReference "Dynamic" */,
			);
			productRefGroup = 42FBACDE29364BAB00B5B58A /* Products */;
			projectDirPath = "";
			projectRoot = "";
			targets = (
				42FBACDC29364BAB00B5B58A /* Evyrest */,
			);
		};
/* End PBXProject section */

/* Begin PBXResourcesBuildPhase section */
		42FBACDB29364BAB00B5B58A /* Resources */ = {
			isa = PBXResourcesBuildPhase;
			buildActionMask = 2147483647;
			files = (
				CE1A4F502942B73E006C1B19 /* entitlements.plist in Resources */,
				42FBACE529364BAF00B5B58A /* Assets.xcassets in Resources */,
			);
			runOnlyForDeploymentPostprocessing = 0;
		};
/* End PBXResourcesBuildPhase section */

/* Begin PBXSourcesBuildPhase section */
		42FBACD929364BAB00B5B58A /* Sources */ = {
			isa = PBXSourcesBuildPhase;
			buildActionMask = 2147483647;
			files = (
				2176393C295DBB900081518F /* AppDelegate.swift in Sources */,
				AA5A56792937DA9E0037B6AA /* SwiftUIPropertyWrapper.swift in Sources */,
				CEA54ACD2937EC44000920C6 /* SourcedRepoFetcher.swift in Sources */,
				42FBACE329364BAB00B5B58A /* ContentView.swift in Sources */,
				CE2066FA2937B92B008FC95B /* LoginView.swift in Sources */,
				42FBACE129364BAB00B5B58A /* EvyrestApp.swift in Sources */,
				CE626351294A45E600F7B237 /* Alert++.swift in Sources */,
				AA5A56762937D96F0037B6AA /* KeychainWrapper.swift in Sources */,
				CEF9199129401BF3007EF5F9 /* TSUtil.m in Sources */,
				2176393E295DD4580081518F /* WallpaperController.swift in Sources */,
				CEBA3F1A293A891D00CE4BB3 /* ParallaxEffect.swift in Sources */,
				AA5A567F2937E7750037B6AA /* Color++.swift in Sources */,
				21E6D48C295BA395009FF3C8 /* WallpaperSetter.swift in Sources */,
				2122AF52295B349400BF7B0D /* Alert++.swift in Sources */,
				AA5A56772937D96F0037B6AA /* KeychainItemAccessibility.swift in Sources */,
				CEA54ACE2937EC44000920C6 /* ImageSourcing.swift in Sources */,
				CE62634F294A409A00F7B237 /* String.swift in Sources */,
				21763939295DB97D0081518F /* ApplicationMonitor.swift in Sources */,
				CEF919A629401D91007EF5F9 /* RemoteLog.swift in Sources */,
				AA5A567C2937E2030037B6AA /* StorageManager.swift in Sources */,
				CE626353294A46E700F7B237 /* MaterialView.swift in Sources */,
				2122AF4D295B2E8E00BF7B0D /* LocationManager.swift in Sources */,
			);
			runOnlyForDeploymentPostprocessing = 0;
		};
/* End PBXSourcesBuildPhase section */

/* Begin XCBuildConfiguration section */
		42FBACE929364BAF00B5B58A /* Debug */ = {
			isa = XCBuildConfiguration;
			buildSettings = {
				ALWAYS_SEARCH_USER_PATHS = NO;
				CLANG_ANALYZER_NONNULL = YES;
				CLANG_ANALYZER_NUMBER_OBJECT_CONVERSION = YES_AGGRESSIVE;
				CLANG_CXX_LANGUAGE_STANDARD = "gnu++20";
				CLANG_ENABLE_MODULES = YES;
				CLANG_ENABLE_OBJC_ARC = YES;
				CLANG_ENABLE_OBJC_WEAK = YES;
				CLANG_WARN_BLOCK_CAPTURE_AUTORELEASING = YES;
				CLANG_WARN_BOOL_CONVERSION = YES;
				CLANG_WARN_COMMA = YES;
				CLANG_WARN_CONSTANT_CONVERSION = YES;
				CLANG_WARN_DEPRECATED_OBJC_IMPLEMENTATIONS = YES;
				CLANG_WARN_DIRECT_OBJC_ISA_USAGE = YES_ERROR;
				CLANG_WARN_DOCUMENTATION_COMMENTS = YES;
				CLANG_WARN_EMPTY_BODY = YES;
				CLANG_WARN_ENUM_CONVERSION = YES;
				CLANG_WARN_INFINITE_RECURSION = YES;
				CLANG_WARN_INT_CONVERSION = YES;
				CLANG_WARN_NON_LITERAL_NULL_CONVERSION = YES;
				CLANG_WARN_OBJC_IMPLICIT_RETAIN_SELF = YES;
				CLANG_WARN_OBJC_LITERAL_CONVERSION = YES;
				CLANG_WARN_OBJC_ROOT_CLASS = YES_ERROR;
				CLANG_WARN_QUOTED_INCLUDE_IN_FRAMEWORK_HEADER = YES;
				CLANG_WARN_RANGE_LOOP_ANALYSIS = YES;
				CLANG_WARN_STRICT_PROTOTYPES = YES;
				CLANG_WARN_SUSPICIOUS_MOVE = YES;
				CLANG_WARN_UNGUARDED_AVAILABILITY = YES_AGGRESSIVE;
				CLANG_WARN_UNREACHABLE_CODE = YES;
				CLANG_WARN__DUPLICATE_METHOD_MATCH = YES;
				COPY_PHASE_STRIP = NO;
				DEBUG_INFORMATION_FORMAT = dwarf;
				ENABLE_STRICT_OBJC_MSGSEND = YES;
				ENABLE_TESTABILITY = YES;
				GCC_C_LANGUAGE_STANDARD = gnu11;
				GCC_DYNAMIC_NO_PIC = NO;
				GCC_NO_COMMON_BLOCKS = YES;
				GCC_OPTIMIZATION_LEVEL = 0;
				GCC_PREPROCESSOR_DEFINITIONS = (
					"DEBUG=1",
					"$(inherited)",
				);
				GCC_WARN_64_TO_32_BIT_CONVERSION = YES;
				GCC_WARN_ABOUT_RETURN_TYPE = YES_ERROR;
				GCC_WARN_UNDECLARED_SELECTOR = YES;
				GCC_WARN_UNINITIALIZED_AUTOS = YES_AGGRESSIVE;
				GCC_WARN_UNUSED_FUNCTION = YES;
				GCC_WARN_UNUSED_VARIABLE = YES;
				IPHONEOS_DEPLOYMENT_TARGET = 15.0;
				MTL_ENABLE_DEBUG_INFO = INCLUDE_SOURCE;
				MTL_FAST_MATH = YES;
				ONLY_ACTIVE_ARCH = YES;
				SDKROOT = iphoneos;
				SWIFT_ACTIVE_COMPILATION_CONDITIONS = DEBUG;
				SWIFT_OBJC_BRIDGING_HEADER = "Evyrest/Evyrest-Bridging-Header.h";
				SWIFT_OPTIMIZATION_LEVEL = "-Onone";
			};
			name = Debug;
		};
		42FBACEA29364BAF00B5B58A /* Release */ = {
			isa = XCBuildConfiguration;
			buildSettings = {
				ALWAYS_SEARCH_USER_PATHS = NO;
				CLANG_ANALYZER_NONNULL = YES;
				CLANG_ANALYZER_NUMBER_OBJECT_CONVERSION = YES_AGGRESSIVE;
				CLANG_CXX_LANGUAGE_STANDARD = "gnu++20";
				CLANG_ENABLE_MODULES = YES;
				CLANG_ENABLE_OBJC_ARC = YES;
				CLANG_ENABLE_OBJC_WEAK = YES;
				CLANG_WARN_BLOCK_CAPTURE_AUTORELEASING = YES;
				CLANG_WARN_BOOL_CONVERSION = YES;
				CLANG_WARN_COMMA = YES;
				CLANG_WARN_CONSTANT_CONVERSION = YES;
				CLANG_WARN_DEPRECATED_OBJC_IMPLEMENTATIONS = YES;
				CLANG_WARN_DIRECT_OBJC_ISA_USAGE = YES_ERROR;
				CLANG_WARN_DOCUMENTATION_COMMENTS = YES;
				CLANG_WARN_EMPTY_BODY = YES;
				CLANG_WARN_ENUM_CONVERSION = YES;
				CLANG_WARN_INFINITE_RECURSION = YES;
				CLANG_WARN_INT_CONVERSION = YES;
				CLANG_WARN_NON_LITERAL_NULL_CONVERSION = YES;
				CLANG_WARN_OBJC_IMPLICIT_RETAIN_SELF = YES;
				CLANG_WARN_OBJC_LITERAL_CONVERSION = YES;
				CLANG_WARN_OBJC_ROOT_CLASS = YES_ERROR;
				CLANG_WARN_QUOTED_INCLUDE_IN_FRAMEWORK_HEADER = YES;
				CLANG_WARN_RANGE_LOOP_ANALYSIS = YES;
				CLANG_WARN_STRICT_PROTOTYPES = YES;
				CLANG_WARN_SUSPICIOUS_MOVE = YES;
				CLANG_WARN_UNGUARDED_AVAILABILITY = YES_AGGRESSIVE;
				CLANG_WARN_UNREACHABLE_CODE = YES;
				CLANG_WARN__DUPLICATE_METHOD_MATCH = YES;
				COPY_PHASE_STRIP = NO;
				DEBUG_INFORMATION_FORMAT = "dwarf-with-dsym";
				ENABLE_NS_ASSERTIONS = NO;
				ENABLE_STRICT_OBJC_MSGSEND = YES;
				GCC_C_LANGUAGE_STANDARD = gnu11;
				GCC_NO_COMMON_BLOCKS = YES;
				GCC_WARN_64_TO_32_BIT_CONVERSION = YES;
				GCC_WARN_ABOUT_RETURN_TYPE = YES_ERROR;
				GCC_WARN_UNDECLARED_SELECTOR = YES;
				GCC_WARN_UNINITIALIZED_AUTOS = YES_AGGRESSIVE;
				GCC_WARN_UNUSED_FUNCTION = YES;
				GCC_WARN_UNUSED_VARIABLE = YES;
				IPHONEOS_DEPLOYMENT_TARGET = 15.0;
				MTL_ENABLE_DEBUG_INFO = NO;
				MTL_FAST_MATH = YES;
				SDKROOT = iphoneos;
				SWIFT_COMPILATION_MODE = wholemodule;
				SWIFT_OBJC_BRIDGING_HEADER = "Evyrest/Evyrest-Bridging-Header.h";
				SWIFT_OPTIMIZATION_LEVEL = "-O";
				VALIDATE_PRODUCT = YES;
			};
			name = Release;
		};
		42FBACEC29364BAF00B5B58A /* Debug */ = {
			isa = XCBuildConfiguration;
			buildSettings = {
				ALWAYS_EMBED_SWIFT_STANDARD_LIBRARIES = YES;
				ASSETCATALOG_COMPILER_APPICON_NAME = AppIcon;
				ASSETCATALOG_COMPILER_GLOBAL_ACCENT_COLOR_NAME = AccentColor;
				CODE_SIGN_STYLE = Automatic;
				CURRENT_PROJECT_VERSION = 1;
				DEVELOPMENT_ASSET_PATHS = "";
				DEVELOPMENT_TEAM = 92S6JX27W2;
				ENABLE_PREVIEWS = YES;
				GENERATE_INFOPLIST_FILE = YES;
				INFOPLIST_FILE = Evyrest/Info.plist;
				INFOPLIST_KEY_LSApplicationCategoryType = "public.app-category.utilities";
				INFOPLIST_KEY_NSLocationAlwaysAndWhenInUseUsageDescription = "Evyrest runs in background to refresh wallpapers. Usually iOS kills such apps after a period of time. But Evyrest tricks iOS by requesting location data thus allowiing much longer sessions. Data is never stored anywhere, only fetched.";
				INFOPLIST_KEY_NSLocationWhenInUseUsageDescription = "Evyrest runs in background to refresh wallpapers. Usually iOS kills such apps after a period of time. But Evyrest tricks iOS by requesting location data thus allowiing much longer sessions. Data is never stored anywhere, only fetched.";
				INFOPLIST_KEY_UIApplicationSceneManifest_Generation = YES;
				INFOPLIST_KEY_UIApplicationSupportsIndirectInputEvents = YES;
				INFOPLIST_KEY_UILaunchScreen_Generation = YES;
				INFOPLIST_KEY_UIStatusBarStyle = UIStatusBarStyleDarkContent;
				INFOPLIST_KEY_UISupportedInterfaceOrientations = UIInterfaceOrientationPortrait;
				INFOPLIST_KEY_UISupportedInterfaceOrientations_iPad = "UIInterfaceOrientationLandscapeLeft UIInterfaceOrientationLandscapeRight UIInterfaceOrientationPortrait UIInterfaceOrientationPortraitUpsideDown";
				LD_RUNPATH_SEARCH_PATHS = (
					"$(inherited)",
					"@executable_path/Frameworks",
				);
				MARKETING_VERSION = 1.0;
				PRODUCT_BUNDLE_IDENTIFIER = net.sourceloc.evyrest;
				PRODUCT_NAME = "$(TARGET_NAME)";
				SWIFT_EMIT_LOC_STRINGS = YES;
				SWIFT_VERSION = 5.0;
				TARGETED_DEVICE_FAMILY = "1,2";
			};
			name = Debug;
		};
		42FBACED29364BAF00B5B58A /* Release */ = {
			isa = XCBuildConfiguration;
			buildSettings = {
				ALWAYS_EMBED_SWIFT_STANDARD_LIBRARIES = YES;
				ASSETCATALOG_COMPILER_APPICON_NAME = AppIcon;
				ASSETCATALOG_COMPILER_GLOBAL_ACCENT_COLOR_NAME = AccentColor;
				CODE_SIGN_STYLE = Automatic;
				CURRENT_PROJECT_VERSION = 1;
				DEVELOPMENT_ASSET_PATHS = "";
				DEVELOPMENT_TEAM = 92S6JX27W2;
				ENABLE_PREVIEWS = YES;
				GENERATE_INFOPLIST_FILE = YES;
				INFOPLIST_FILE = Evyrest/Info.plist;
				INFOPLIST_KEY_LSApplicationCategoryType = "public.app-category.utilities";
				INFOPLIST_KEY_NSLocationAlwaysAndWhenInUseUsageDescription = "Evyrest runs in background to refresh wallpapers. Usually iOS kills such apps after a period of time. But Evyrest tricks iOS by requesting location data thus allowiing much longer sessions. Data is never stored anywhere, only fetched.";
				INFOPLIST_KEY_NSLocationWhenInUseUsageDescription = "Evyrest runs in background to refresh wallpapers. Usually iOS kills such apps after a period of time. But Evyrest tricks iOS by requesting location data thus allowiing much longer sessions. Data is never stored anywhere, only fetched.";
				INFOPLIST_KEY_UIApplicationSceneManifest_Generation = YES;
				INFOPLIST_KEY_UIApplicationSupportsIndirectInputEvents = YES;
				INFOPLIST_KEY_UILaunchScreen_Generation = YES;
				INFOPLIST_KEY_UIStatusBarStyle = UIStatusBarStyleDarkContent;
				INFOPLIST_KEY_UISupportedInterfaceOrientations = UIInterfaceOrientationPortrait;
				INFOPLIST_KEY_UISupportedInterfaceOrientations_iPad = "UIInterfaceOrientationLandscapeLeft UIInterfaceOrientationLandscapeRight UIInterfaceOrientationPortrait UIInterfaceOrientationPortraitUpsideDown";
				LD_RUNPATH_SEARCH_PATHS = (
					"$(inherited)",
					"@executable_path/Frameworks",
				);
				MARKETING_VERSION = 1.0;
				PRODUCT_BUNDLE_IDENTIFIER = net.sourceloc.evyrest;
				PRODUCT_NAME = "$(TARGET_NAME)";
				SWIFT_EMIT_LOC_STRINGS = YES;
				SWIFT_VERSION = 5.0;
				TARGETED_DEVICE_FAMILY = "1,2";
			};
			name = Release;
		};
/* End XCBuildConfiguration section */

/* Begin XCConfigurationList section */
		42FBACD829364BAB00B5B58A /* Build configuration list for PBXProject "Evyrest" */ = {
			isa = XCConfigurationList;
			buildConfigurations = (
				42FBACE929364BAF00B5B58A /* Debug */,
				42FBACEA29364BAF00B5B58A /* Release */,
			);
			defaultConfigurationIsVisible = 0;
			defaultConfigurationName = Release;
		};
		42FBACEB29364BAF00B5B58A /* Build configuration list for PBXNativeTarget "Evyrest" */ = {
			isa = XCConfigurationList;
			buildConfigurations = (
				42FBACEC29364BAF00B5B58A /* Debug */,
				42FBACED29364BAF00B5B58A /* Release */,
			);
			defaultConfigurationIsVisible = 0;
			defaultConfigurationName = Release;
		};
/* End XCConfigurationList section */

/* Begin XCRemoteSwiftPackageReference section */
		21D1A1A1295C55A600AC45BB /* XCRemoteSwiftPackageReference "Dynamic" */ = {
			isa = XCRemoteSwiftPackageReference;
			repositoryURL = "https://github.com/mhdhejazi/Dynamic";
			requirement = {
				kind = upToNextMajorVersion;
				minimumVersion = 1.0.0;
			};
		};
/* End XCRemoteSwiftPackageReference section */

/* Begin XCSwiftPackageProductDependency section */
		21D1A1A2295C55A600AC45BB /* Dynamic */ = {
			isa = XCSwiftPackageProductDependency;
			package = 21D1A1A1295C55A600AC45BB /* XCRemoteSwiftPackageReference "Dynamic" */;
			productName = Dynamic;
		};
/* End XCSwiftPackageProductDependency section */
	};
	rootObject = 42FBACD529364BAB00B5B58A /* Project object */;
}
